<?xml version="1.0" encoding="utf-8"?>
<Project ToolsVersion="4.0" xmlns="http://schemas.microsoft.com/developer/msbuild/2003">
  <ItemGroup>
    <Filter Include="Исходные файлы">
      <UniqueIdentifier>{4FC737F1-C7A5-4376-A066-2A32D752A2FF}</UniqueIdentifier>
      <Extensions>cpp;c;cc;cxx;c++;cppm;ixx;def;odl;idl;hpj;bat;asm;asmx</Extensions>
    </Filter>
    <Filter Include="Файлы заголовков">
      <UniqueIdentifier>{93995380-89BD-4b04-88EB-625FBE52EBFB}</UniqueIdentifier>
      <Extensions>h;hh;hpp;hxx;h++;hm;inl;inc;ipp;xsd</Extensions>
    </Filter>
    <Filter Include="Файлы ресурсов">
      <UniqueIdentifier>{67DA6AB6-F800-4c08-8B7A-83BB121AAD01}</UniqueIdentifier>
      <Extensions>rc;ico;cur;bmp;dlg;rc2;rct;bin;rgs;gif;jpg;jpeg;jpe;resx;tiff;tif;png;wav;mfcribbon-ms</Extensions>
    </Filter>
  </ItemGroup>
  <ItemGroup>
    <ClInclude Include="Render\Screen.h">
      <Filter>Исходные файлы</Filter>
    </ClInclude>
    <ClInclude Include="Render\Tracer.h">
      <Filter>Исходные файлы</Filter>
    </ClInclude>
    <ClInclude Include="Geometry\Intersectables\Disk.hpp">
      <Filter>Исходные файлы</Filter>
    </ClInclude>
    <ClInclude Include="Geometry\Intersectables\Plane.hpp">
      <Filter>Исходные файлы</Filter>
    </ClInclude>
    <ClInclude Include="Geometry\Primitives\Ray.hpp">
      <Filter>Исходные файлы</Filter>
    </ClInclude>
    <ClInclude Include="Geometry\Intersectables\Sphere.hpp">
      <Filter>Исходные файлы</Filter>
    </ClInclude>
    <ClInclude Include="Geometry\Primitives\Vector3d.hpp">
      <Filter>Исходные файлы</Filter>
    </ClInclude>
    <ClInclude Include="Geometry\Intersectables\Intersectable.h">
      <Filter>Исходные файлы</Filter>
    </ClInclude>
    <ClInclude Include="Render\Camera.h">
      <Filter>Исходные файлы</Filter>
    </ClInclude>
    <ClInclude Include="Scene.h">
      <Filter>Исходные файлы</Filter>
    </ClInclude>
    <ClInclude Include="FileProcessing\Readers\FileReader.hpp">
      <Filter>Файлы заголовков</Filter>
    </ClInclude>
    <ClInclude Include="FileProcessing\Formats\PPM.hpp">
      <Filter>Файлы заголовков</Filter>
    </ClInclude>
    <ClInclude Include="FileProcessing\Formats\BMP.hpp">
      <Filter>Файлы заголовков</Filter>
    </ClInclude>
    <ClInclude Include="FileProcessing\Converters\Converter.hpp">
      <Filter>Файлы заголовков</Filter>
    </ClInclude>
    <ClInclude Include="FileProcessing\Converters\BMP32Converter.hpp">
      <Filter>Файлы заголовков</Filter>
    </ClInclude>
    <ClInclude Include="FileProcessing\Writers\Writer.hpp">
      <Filter>Файлы заголовков</Filter>
    </ClInclude>
    <ClInclude Include="FileProcessing\Writers\PPMWriter.hpp">
      <Filter>Файлы заголовков</Filter>
    </ClInclude>
    <ClInclude Include="FileProcessing\Readers\Reader.hpp">
      <Filter>Файлы заголовков</Filter>
    </ClInclude>
    <ClInclude Include="FileProcessing\Writers\BMPWriter.hpp">
      <Filter>Файлы заголовков</Filter>
    </ClInclude>
    <ClInclude Include="FileProcessing\Readers\PPMReader.hpp">
      <Filter>Файлы заголовков</Filter>
    </ClInclude>
    <ClInclude Include="FileProcessing\Readers\BMPReader.hpp">
      <Filter>Файлы заголовков</Filter>
    </ClInclude>
  </ItemGroup>
  <ItemGroup>
    <ClCompile Include="Main.cpp">
      <Filter>Исходные файлы</Filter>
    </ClCompile>
    <ClCompile Include="Geometry\Intersectables\Source\Disk.cpp">
      <Filter>Исходные файлы</Filter>
    </ClCompile>
    <ClCompile Include="Geometry\Intersectables\Source\Plane.cpp">
      <Filter>Исходные файлы</Filter>
    </ClCompile>
    <ClCompile Include="Geometry\Primitives\Source\Ray.cpp">
      <Filter>Исходные файлы</Filter>
    </ClCompile>
    <ClCompile Include="Geometry\Intersectables\Source\Sphere.cpp">
      <Filter>Исходные файлы</Filter>
    </ClCompile>
    <ClCompile Include="Geometry\Primitives\Source\Vector3d.cpp">
      <Filter>Исходные файлы</Filter>
    </ClCompile>
    <ClCompile Include="Render\Source\Tracer.cpp">
      <Filter>Исходные файлы</Filter>
    </ClCompile>
    <ClCompile Include="Render\Source\Screen.cpp">
      <Filter>Исходные файлы</Filter>
    </ClCompile>
    <ClCompile Include="Scene.cpp">
      <Filter>Исходные файлы</Filter>
    </ClCompile>
    <ClCompile Include="FileProcessing\Readers\Source\FileReader.cpp">
      <Filter>Исходные файлы</Filter>
    </ClCompile>
    <ClCompile Include="FileProcessing\Converters\Source\BMP32Converter.cpp">
      <Filter>Исходные файлы</Filter>
    </ClCompile>
    <ClCompile Include="FileProcessing\Converters\PPMConverter.hpp">
      <Filter>Исходные файлы</Filter>
    </ClCompile>
    <ClCompile Include="FileProcessing\Converters\Source\PPMConverter.cpp">
      <Filter>Исходные файлы</Filter>
    </ClCompile>
    <ClCompile Include="FileProcessing\Writers\Source\PPMWriter.cpp">
      <Filter>Исходные файлы</Filter>
    </ClCompile>
    <ClCompile Include="FileProcessing\Writers\Source\BMPWriter.cpp">
      <Filter>Исходные файлы</Filter>
    </ClCompile>
    <ClCompile Include="FileProcessing\Readers\Source\PPMReader.cpp">
      <Filter>Исходные файлы</Filter>
    </ClCompile>
    <ClCompile Include="FileProcessing\Readers\Source\BMPReader.cpp">
      <Filter>Исходные файлы</Filter>
    </ClCompile>
  </ItemGroup>
</Project>