
Microsoft Visual Studio Solution File, Format Version 12.00
# Visual Studio Version 17
VisualStudioVersion = 17.1.32414.318
MinimumVisualStudioVersion = 10.0.40219.1
Project("{8BC9CEB8-8B4A-11D0-8D11-00A0C91BC942}") = "RayTrace", "RayTrace\RayTrace.vcxproj", "{A2823368-9319-497A-8593-34561DD296BA}"
EndProject
Project("{8BC9CEB8-8B4A-11D0-8D11-00A0C91BC942}") = "Tools", "Tools\Tools.vcxproj", "{71301F60-7490-4992-9756-660B21797E00}"
EndProject
Global
	GlobalSection(SolutionConfigurationPlatforms) = preSolution
		Debug|x64 = Debug|x64
		Debug|x86 = Debug|x86
		Release|x64 = Release|x64
		Release|x86 = Release|x86
	EndGlobalSection
	GlobalSection(ProjectConfigurationPlatforms) = postSolution
		{A2823368-9319-497A-8593-34561DD296BA}.Debug|x64.ActiveCfg = Debug|x64
		{A2823368-9319-497A-8593-34561DD296BA}.Debug|x64.Build.0 = Debug|x64
		{A2823368-9319-497A-8593-34561DD296BA}.Debug|x86.ActiveCfg = Debug|Win32
		{A2823368-9319-497A-8593-34561DD296BA}.Debug|x86.Build.0 = Debug|Win32
		{A2823368-9319-497A-8593-34561DD296BA}.Release|x64.ActiveCfg = Release|x64
		{A2823368-9319-497A-8593-34561DD296BA}.Release|x64.Build.0 = Release|x64
		{A2823368-9319-497A-8593-34561DD296BA}.Release|x86.ActiveCfg = Release|Win32
		{A2823368-9319-497A-8593-34561DD296BA}.Release|x86.Build.0 = Release|Win32
		{71301F60-7490-4992-9756-660B21797E00}.Debug|x64.ActiveCfg = Debug|x64
		{71301F60-7490-4992-9756-660B21797E00}.Debug|x64.Build.0 = Debug|x64
		{71301F60-7490-4992-9756-660B21797E00}.Debug|x86.ActiveCfg = Debug|Win32
		{71301F60-7490-4992-9756-660B21797E00}.Debug|x86.Build.0 = Debug|Win32
		{71301F60-7490-4992-9756-660B21797E00}.Release|x64.ActiveCfg = Release|x64
		{71301F60-7490-4992-9756-660B21797E00}.Release|x64.Build.0 = Release|x64
		{71301F60-7490-4992-9756-660B21797E00}.Release|x86.ActiveCfg = Release|Win32
		{71301F60-7490-4992-9756-660B21797E00}.Release|x86.Build.0 = Release|Win32
	EndGlobalSection
	GlobalSection(SolutionProperties) = preSolution
		HideSolutionNode = FALSE
	EndGlobalSection
	GlobalSection(ExtensibilityGlobals) = postSolution
		SolutionGuid = {54A1A305-772F-4389-B63B-6E4478135C68}
	EndGlobalSection
EndGlobal
