<?xml version="1.0" encoding="utf-8"?>
<Project ToolsVersion="4.0" xmlns="http://schemas.microsoft.com/developer/msbuild/2003">
  <ItemGroup>
    <Filter Include="Исходные файлы">
      <UniqueIdentifier>{4FC737F1-C7A5-4376-A066-2A32D752A2FF}</UniqueIdentifier>
      <Extensions>cpp;c;cc;cxx;c++;cppm;ixx;def;odl;idl;hpj;bat;asm;asmx</Extensions>
    </Filter>
    <Filter Include="Файлы заголовков">
      <UniqueIdentifier>{93995380-89BD-4b04-88EB-625FBE52EBFB}</UniqueIdentifier>
      <Extensions>h;hh;hpp;hxx;h++;hm;inl;inc;ipp;xsd</Extensions>
    </Filter>
    <Filter Include="Файлы ресурсов">
      <UniqueIdentifier>{67DA6AB6-F800-4c08-8B7A-83BB121AAD01}</UniqueIdentifier>
      <Extensions>rc;ico;cur;bmp;dlg;rc2;rct;bin;rgs;gif;jpg;jpeg;jpe;resx;tiff;tif;png;wav;mfcribbon-ms</Extensions>
    </Filter>
  </ItemGroup>
  <ItemGroup>
    <ClInclude Include="GoogleTests\include\gtest\internal\custom\gtest.h">
      <Filter>Файлы заголовков</Filter>
    </ClInclude>
    <ClInclude Include="GoogleTests\include\gtest\internal\custom\gtest-port.h">
      <Filter>Файлы заголовков</Filter>
    </ClInclude>
    <ClInclude Include="GoogleTests\include\gtest\internal\custom\gtest-printers.h">
      <Filter>Файлы заголовков</Filter>
    </ClInclude>
    <ClInclude Include="GoogleTests\include\gtest\internal\gtest-death-test-internal.h">
      <Filter>Файлы заголовков</Filter>
    </ClInclude>
    <ClInclude Include="GoogleTests\include\gtest\internal\gtest-filepath.h">
      <Filter>Файлы заголовков</Filter>
    </ClInclude>
    <ClInclude Include="GoogleTests\include\gtest\internal\gtest-internal.h">
      <Filter>Файлы заголовков</Filter>
    </ClInclude>
    <ClInclude Include="GoogleTests\include\gtest\internal\gtest-param-util.h">
      <Filter>Файлы заголовков</Filter>
    </ClInclude>
    <ClInclude Include="GoogleTests\include\gtest\internal\gtest-port.h">
      <Filter>Файлы заголовков</Filter>
    </ClInclude>
    <ClInclude Include="GoogleTests\include\gtest\internal\gtest-port-arch.h">
      <Filter>Файлы заголовков</Filter>
    </ClInclude>
    <ClInclude Include="GoogleTests\include\gtest\internal\gtest-string.h">
      <Filter>Файлы заголовков</Filter>
    </ClInclude>
    <ClInclude Include="GoogleTests\include\gtest\internal\gtest-type-util.h">
      <Filter>Файлы заголовков</Filter>
    </ClInclude>
    <ClInclude Include="GoogleTests\include\gtest\gtest.h">
      <Filter>Файлы заголовков</Filter>
    </ClInclude>
    <ClInclude Include="GoogleTests\include\gtest\gtest_pred_impl.h">
      <Filter>Файлы заголовков</Filter>
    </ClInclude>
    <ClInclude Include="GoogleTests\include\gtest\gtest_prod.h">
      <Filter>Файлы заголовков</Filter>
    </ClInclude>
    <ClInclude Include="GoogleTests\include\gtest\gtest-assertion-result.h">
      <Filter>Файлы заголовков</Filter>
    </ClInclude>
    <ClInclude Include="GoogleTests\include\gtest\gtest-death-test.h">
      <Filter>Файлы заголовков</Filter>
    </ClInclude>
    <ClInclude Include="GoogleTests\include\gtest\gtest-matchers.h">
      <Filter>Файлы заголовков</Filter>
    </ClInclude>
    <ClInclude Include="GoogleTests\include\gtest\gtest-message.h">
      <Filter>Файлы заголовков</Filter>
    </ClInclude>
    <ClInclude Include="GoogleTests\include\gtest\gtest-param-test.h">
      <Filter>Файлы заголовков</Filter>
    </ClInclude>
    <ClInclude Include="GoogleTests\include\gtest\gtest-printers.h">
      <Filter>Файлы заголовков</Filter>
    </ClInclude>
    <ClInclude Include="GoogleTests\include\gtest\gtest-spi.h">
      <Filter>Файлы заголовков</Filter>
    </ClInclude>
    <ClInclude Include="GoogleTests\include\gtest\gtest-test-part.h">
      <Filter>Файлы заголовков</Filter>
    </ClInclude>
    <ClInclude Include="GoogleTests\include\gtest\gtest-typed-test.h">
      <Filter>Файлы заголовков</Filter>
    </ClInclude>
  </ItemGroup>
  <ItemGroup>
    <ClCompile Include="Main.cpp">
      <Filter>Исходные файлы</Filter>
    </ClCompile>
    <ClCompile Include="Math\Math.cpp">
      <Filter>Исходные файлы</Filter>
    </ClCompile>
  </ItemGroup>
</Project>